
Microsoft Visual Studio Solution File, Format Version 12.00
# Visual Studio 14
VisualStudioVersion = 14.0.25420.1
MinimumVisualStudioVersion = 10.0.40219.1
Project("{2150E333-8FDC-42A3-9474-1A3956D46DE8}") = "src", "src", "{48919BCF-50AF-40A7-8B2D-0BFFC6CF7CC9}"
EndProject
Project("{2150E333-8FDC-42A3-9474-1A3956D46DE8}") = "Solution Items", "Solution Items", "{4A947054-9C44-4A23-B5DF-9D7D44E621E1}"
	ProjectSection(SolutionItems) = preProject
		global.json = global.json
	EndProjectSection
EndProject
Project("{8BB2217D-0F2D-49D1-97BC-3654ED321F3B}") = "Vanilla_POC", "src\Vanilla_POC\Vanilla_POC.xproj", "{0352C288-1084-43AB-AC05-313D2069782E}"
EndProject
Global
	GlobalSection(SolutionConfigurationPlatforms) = preSolution
		Debug|Any CPU = Debug|Any CPU
		Release|Any CPU = Release|Any CPU
	EndGlobalSection
	GlobalSection(ProjectConfigurationPlatforms) = postSolution
		{0352C288-1084-43AB-AC05-313D2069782E}.Debug|Any CPU.ActiveCfg = Debug|Any CPU
		{0352C288-1084-43AB-AC05-313D2069782E}.Debug|Any CPU.Build.0 = Debug|Any CPU
		{0352C288-1084-43AB-AC05-313D2069782E}.Release|Any CPU.ActiveCfg = Release|Any CPU
		{0352C288-1084-43AB-AC05-313D2069782E}.Release|Any CPU.Build.0 = Release|Any CPU
	EndGlobalSection
	GlobalSection(SolutionProperties) = preSolution
		HideSolutionNode = FALSE
	EndGlobalSection
	GlobalSection(NestedProjects) = preSolution
		{0352C288-1084-43AB-AC05-313D2069782E} = {48919BCF-50AF-40A7-8B2D-0BFFC6CF7CC9}
	EndGlobalSection
EndGlobal
